{
  "pins" : [
    {
      "identity" : "sparkle",
      "kind" : "remoteSourceControl",
      "location" : "https://github.com/sparkle-project/Sparkle",
      "state" : {
        "revision" : "99dbdcbd96b80bbdf36ff02bf7f9f9cd7ed26f49",
        "version" : "1.27.0"
      }
    },
    {
      "identity" : "zipfoundation",
      "kind" : "remoteSourceControl",
      "location" : "https://github.com/weichsel/ZIPFoundation.git",
      "state" : {
        "revision" : "cf10bbff6ac3b873e97b36b9784c79866a051a8e",
        "version" : "0.9.12"
      }
    }
  ],
  "version" : 2
}
